// !$*UTF8*$!
{
	archiveVersion = 1;
	classes = {
	};
	objectVersion = 56;
	objects = {

/* Begin PBXBuildFile section */
		805346EB290FD41C00DF41D2 /* HabitView.swift in Sources */ = {isa = PBXBuildFile; fileRef = 805346EA290FD41C00DF41D2 /* HabitView.swift */; };
		80B77558290BC7C00070F6F4 /* AppDelegate.swift in Sources */ = {isa = PBXBuildFile; fileRef = 80B77557290BC7C00070F6F4 /* AppDelegate.swift */; };
		80B7755A290BC7C00070F6F4 /* SceneDelegate.swift in Sources */ = {isa = PBXBuildFile; fileRef = 80B77559290BC7C00070F6F4 /* SceneDelegate.swift */; };
		80B77561290BC7C80070F6F4 /* Assets.xcassets in Resources */ = {isa = PBXBuildFile; fileRef = 80B77560290BC7C80070F6F4 /* Assets.xcassets */; };
		80B77564290BC7C80070F6F4 /* LaunchScreen.storyboard in Resources */ = {isa = PBXBuildFile; fileRef = 80B77562290BC7C80070F6F4 /* LaunchScreen.storyboard */; };
		80B7756D290BC9AF0070F6F4 /* TabBarViewController.swift in Sources */ = {isa = PBXBuildFile; fileRef = 80B7756C290BC9AF0070F6F4 /* TabBarViewController.swift */; };
		80B7756F290BCA4C0070F6F4 /* HabitsViewController.swift in Sources */ = {isa = PBXBuildFile; fileRef = 80B7756E290BCA4C0070F6F4 /* HabitsViewController.swift */; };
		80B77571290BCA6B0070F6F4 /* InfoViewController.swift in Sources */ = {isa = PBXBuildFile; fileRef = 80B77570290BCA6B0070F6F4 /* InfoViewController.swift */; };
		80B77573290BCC010070F6F4 /* HabitsStore.swift in Sources */ = {isa = PBXBuildFile; fileRef = 80B77572290BCC010070F6F4 /* HabitsStore.swift */; };
		80B77575290BCD350070F6F4 /* TextAttributes.swift in Sources */ = {isa = PBXBuildFile; fileRef = 80B77574290BCD340070F6F4 /* TextAttributes.swift */; };
		80BE78A72910405C004578D9 /* HabitCollectionViewCell.swift in Sources */ = {isa = PBXBuildFile; fileRef = 80BE78A62910405C004578D9 /* HabitCollectionViewCell.swift */; };
		80C9DCFF290D350500EA7DCE /* HabitViewController.swift in Sources */ = {isa = PBXBuildFile; fileRef = 80C9DCFE290D350500EA7DCE /* HabitViewController.swift */; };
/* End PBXBuildFile section */

/* Begin PBXFileReference section */
		805346EA290FD41C00DF41D2 /* HabitView.swift */ = {isa = PBXFileReference; lastKnownFileType = sourcecode.swift; path = HabitView.swift; sourceTree = "<group>"; };
		80B77554290BC7C00070F6F4 /* Habits tracker.app */ = {isa = PBXFileReference; explicitFileType = wrapper.application; includeInIndex = 0; path = "Habits tracker.app"; sourceTree = BUILT_PRODUCTS_DIR; };
		80B77557290BC7C00070F6F4 /* AppDelegate.swift */ = {isa = PBXFileReference; lastKnownFileType = sourcecode.swift; path = AppDelegate.swift; sourceTree = "<group>"; };
		80B77559290BC7C00070F6F4 /* SceneDelegate.swift */ = {isa = PBXFileReference; lastKnownFileType = sourcecode.swift; path = SceneDelegate.swift; sourceTree = "<group>"; };
		80B77560290BC7C80070F6F4 /* Assets.xcassets */ = {isa = PBXFileReference; lastKnownFileType = folder.assetcatalog; path = Assets.xcassets; sourceTree = "<group>"; };
		80B77563290BC7C80070F6F4 /* Base */ = {isa = PBXFileReference; lastKnownFileType = file.storyboard; name = Base; path = Base.lproj/LaunchScreen.storyboard; sourceTree = "<group>"; };
		80B77565290BC7C80070F6F4 /* Info.plist */ = {isa = PBXFileReference; lastKnownFileType = text.plist.xml; path = Info.plist; sourceTree = "<group>"; };
		80B7756C290BC9AF0070F6F4 /* TabBarViewController.swift */ = {isa = PBXFileReference; lastKnownFileType = sourcecode.swift; path = TabBarViewController.swift; sourceTree = "<group>"; };
		80B7756E290BCA4C0070F6F4 /* HabitsViewController.swift */ = {isa = PBXFileReference; lastKnownFileType = sourcecode.swift; path = HabitsViewController.swift; sourceTree = "<group>"; };
		80B77570290BCA6B0070F6F4 /* InfoViewController.swift */ = {isa = PBXFileReference; lastKnownFileType = sourcecode.swift; path = InfoViewController.swift; sourceTree = "<group>"; };
		80B77572290BCC010070F6F4 /* HabitsStore.swift */ = {isa = PBXFileReference; lastKnownFileType = sourcecode.swift; path = HabitsStore.swift; sourceTree = "<group>"; };
		80B77574290BCD340070F6F4 /* TextAttributes.swift */ = {isa = PBXFileReference; lastKnownFileType = sourcecode.swift; path = TextAttributes.swift; sourceTree = "<group>"; };
		80BE78A62910405C004578D9 /* HabitCollectionViewCell.swift */ = {isa = PBXFileReference; lastKnownFileType = sourcecode.swift; path = HabitCollectionViewCell.swift; sourceTree = "<group>"; };
		80C9DCFE290D350500EA7DCE /* HabitViewController.swift */ = {isa = PBXFileReference; lastKnownFileType = sourcecode.swift; path = HabitViewController.swift; sourceTree = "<group>"; };
/* End PBXFileReference section */

/* Begin PBXFrameworksBuildPhase section */
		80B77551290BC7C00070F6F4 /* Frameworks */ = {
			isa = PBXFrameworksBuildPhase;
			buildActionMask = 2147483647;
			files = (
			);
			runOnlyForDeploymentPostprocessing = 0;
		};
/* End PBXFrameworksBuildPhase section */

/* Begin PBXGroup section */
		805346E9290FD3F400DF41D2 /* View */ = {
			isa = PBXGroup;
			children = (
				805346EA290FD41C00DF41D2 /* HabitView.swift */,
			);
			path = View;
			sourceTree = "<group>";
		};
		80B7754B290BC7C00070F6F4 = {
			isa = PBXGroup;
			children = (
				80B77556290BC7C00070F6F4 /* Habits tracker */,
				80B77555290BC7C00070F6F4 /* Products */,
			);
			sourceTree = "<group>";
		};
		80B77555290BC7C00070F6F4 /* Products */ = {
			isa = PBXGroup;
			children = (
				80B77554290BC7C00070F6F4 /* Habits tracker.app */,
			);
			name = Products;
			sourceTree = "<group>";
		};
		80B77556290BC7C00070F6F4 /* Habits tracker */ = {
			isa = PBXGroup;
			children = (
				80BE78A529104032004578D9 /* HabitCell */,
				80B7756B290BC9230070F6F4 /* View Controllers */,
				805346E9290FD3F400DF41D2 /* View */,
				80B77557290BC7C00070F6F4 /* AppDelegate.swift */,
				80B77559290BC7C00070F6F4 /* SceneDelegate.swift */,
				80B77572290BCC010070F6F4 /* HabitsStore.swift */,
				80B77574290BCD340070F6F4 /* TextAttributes.swift */,
				80B77560290BC7C80070F6F4 /* Assets.xcassets */,
				80B77562290BC7C80070F6F4 /* LaunchScreen.storyboard */,
				80B77565290BC7C80070F6F4 /* Info.plist */,
			);
			path = "Habits tracker";
			sourceTree = "<group>";
		};
		80B7756B290BC9230070F6F4 /* View Controllers */ = {
			isa = PBXGroup;
			children = (
				80B7756C290BC9AF0070F6F4 /* TabBarViewController.swift */,
				80B7756E290BCA4C0070F6F4 /* HabitsViewController.swift */,
				80C9DCFE290D350500EA7DCE /* HabitViewController.swift */,
				80B77570290BCA6B0070F6F4 /* InfoViewController.swift */,
			);
			path = "View Controllers";
			sourceTree = "<group>";
		};
		80BE78A529104032004578D9 /* HabitCell */ = {
			isa = PBXGroup;
			children = (
				80BE78A62910405C004578D9 /* HabitCollectionViewCell.swift */,
			);
			path = HabitCell;
			sourceTree = "<group>";
		};
/* End PBXGroup section */

/* Begin PBXNativeTarget section */
		80B77553290BC7C00070F6F4 /* Habits tracker */ = {
			isa = PBXNativeTarget;
			buildConfigurationList = 80B77568290BC7C80070F6F4 /* Build configuration list for PBXNativeTarget "Habits tracker" */;
			buildPhases = (
				80B77550290BC7C00070F6F4 /* Sources */,
				80B77551290BC7C00070F6F4 /* Frameworks */,
				80B77552290BC7C00070F6F4 /* Resources */,
			);
			buildRules = (
			);
			dependencies = (
			);
			name = "Habits tracker";
			packageProductDependencies = (
			);
			productName = "Habits tracker";
			productReference = 80B77554290BC7C00070F6F4 /* Habits tracker.app */;
			productType = "com.apple.product-type.application";
		};
/* End PBXNativeTarget section */

/* Begin PBXProject section */
		80B7754C290BC7C00070F6F4 /* Project object */ = {
			isa = PBXProject;
			attributes = {
				BuildIndependentTargetsInParallel = 1;
				LastSwiftUpdateCheck = 1400;
				LastUpgradeCheck = 1400;
				TargetAttributes = {
					80B77553290BC7C00070F6F4 = {
						CreatedOnToolsVersion = 14.0.1;
					};
				};
			};
			buildConfigurationList = 80B7754F290BC7C00070F6F4 /* Build configuration list for PBXProject "Habits tracker" */;
			compatibilityVersion = "Xcode 14.0";
			developmentRegion = en;
			hasScannedForEncodings = 0;
			knownRegions = (
				en,
				Base,
			);
			mainGroup = 80B7754B290BC7C00070F6F4;
			packageReferences = (
			);
			productRefGroup = 80B77555290BC7C00070F6F4 /* Products */;
			projectDirPath = "";
			projectRoot = "";
			targets = (
				80B77553290BC7C00070F6F4 /* Habits tracker */,
			);
		};
/* End PBXProject section */

/* Begin PBXResourcesBuildPhase section */
		80B77552290BC7C00070F6F4 /* Resources */ = {
			isa = PBXResourcesBuildPhase;
			buildActionMask = 2147483647;
			files = (
				80B77564290BC7C80070F6F4 /* LaunchScreen.storyboard in Resources */,
				80B77561290BC7C80070F6F4 /* Assets.xcassets in Resources */,
			);
			runOnlyForDeploymentPostprocessing = 0;
		};
/* End PBXResourcesBuildPhase section */

/* Begin PBXSourcesBuildPhase section */
		80B77550290BC7C00070F6F4 /* Sources */ = {
			isa = PBXSourcesBuildPhase;
			buildActionMask = 2147483647;
			files = (
				80B77573290BCC010070F6F4 /* HabitsStore.swift in Sources */,
				80B77558290BC7C00070F6F4 /* AppDelegate.swift in Sources */,
				80B77575290BCD350070F6F4 /* TextAttributes.swift in Sources */,
				805346EB290FD41C00DF41D2 /* HabitView.swift in Sources */,
				80C9DCFF290D350500EA7DCE /* HabitViewController.swift in Sources */,
				80B7756D290BC9AF0070F6F4 /* TabBarViewController.swift in Sources */,
				80B7755A290BC7C00070F6F4 /* SceneDelegate.swift in Sources */,
				80B7756F290BCA4C0070F6F4 /* HabitsViewController.swift in Sources */,
				80B77571290BCA6B0070F6F4 /* InfoViewController.swift in Sources */,
				80BE78A72910405C004578D9 /* HabitCollectionViewCell.swift in Sources */,
			);
			runOnlyForDeploymentPostprocessing = 0;
		};
/* End PBXSourcesBuildPhase section */

/* Begin PBXVariantGroup section */
		80B77562290BC7C80070F6F4 /* LaunchScreen.storyboard */ = {
			isa = PBXVariantGroup;
			children = (
				80B77563290BC7C80070F6F4 /* Base */,
			);
			name = LaunchScreen.storyboard;
			sourceTree = "<group>";
		};
/* End PBXVariantGroup section */

/* Begin XCBuildConfiguration section */
		80B77566290BC7C80070F6F4 /* Debug */ = {
			isa = XCBuildConfiguration;
			buildSettings = {
				ALWAYS_SEARCH_USER_PATHS = NO;
				CLANG_ANALYZER_NONNULL = YES;
				CLANG_ANALYZER_NUMBER_OBJECT_CONVERSION = YES_AGGRESSIVE;
				CLANG_CXX_LANGUAGE_STANDARD = "gnu++20";
				CLANG_ENABLE_MODULES = YES;
				CLANG_ENABLE_OBJC_ARC = YES;
				CLANG_ENABLE_OBJC_WEAK = YES;
				CLANG_WARN_BLOCK_CAPTURE_AUTORELEASING = YES;
				CLANG_WARN_BOOL_CONVERSION = YES;
				CLANG_WARN_COMMA = YES;
				CLANG_WARN_CONSTANT_CONVERSION = YES;
				CLANG_WARN_DEPRECATED_OBJC_IMPLEMENTATIONS = YES;
				CLANG_WARN_DIRECT_OBJC_ISA_USAGE = YES_ERROR;
				CLANG_WARN_DOCUMENTATION_COMMENTS = YES;
				CLANG_WARN_EMPTY_BODY = YES;
				CLANG_WARN_ENUM_CONVERSION = YES;
				CLANG_WARN_INFINITE_RECURSION = YES;
				CLANG_WARN_INT_CONVERSION = YES;
				CLANG_WARN_NON_LITERAL_NULL_CONVERSION = YES;
				CLANG_WARN_OBJC_IMPLICIT_RETAIN_SELF = YES;
				CLANG_WARN_OBJC_LITERAL_CONVERSION = YES;
				CLANG_WARN_OBJC_ROOT_CLASS = YES_ERROR;
				CLANG_WARN_QUOTED_INCLUDE_IN_FRAMEWORK_HEADER = YES;
				CLANG_WARN_RANGE_LOOP_ANALYSIS = YES;
				CLANG_WARN_STRICT_PROTOTYPES = YES;
				CLANG_WARN_SUSPICIOUS_MOVE = YES;
				CLANG_WARN_UNGUARDED_AVAILABILITY = YES_AGGRESSIVE;
				CLANG_WARN_UNREACHABLE_CODE = YES;
				CLANG_WARN__DUPLICATE_METHOD_MATCH = YES;
				COPY_PHASE_STRIP = NO;
				DEBUG_INFORMATION_FORMAT = dwarf;
				ENABLE_STRICT_OBJC_MSGSEND = YES;
				ENABLE_TESTABILITY = YES;
				GCC_C_LANGUAGE_STANDARD = gnu11;
				GCC_DYNAMIC_NO_PIC = NO;
				GCC_NO_COMMON_BLOCKS = YES;
				GCC_OPTIMIZATION_LEVEL = 0;
				GCC_PREPROCESSOR_DEFINITIONS = (
					"DEBUG=1",
					"$(inherited)",
				);
				GCC_WARN_64_TO_32_BIT_CONVERSION = YES;
				GCC_WARN_ABOUT_RETURN_TYPE = YES_ERROR;
				GCC_WARN_UNDECLARED_SELECTOR = YES;
				GCC_WARN_UNINITIALIZED_AUTOS = YES_AGGRESSIVE;
				GCC_WARN_UNUSED_FUNCTION = YES;
				GCC_WARN_UNUSED_VARIABLE = YES;
				IPHONEOS_DEPLOYMENT_TARGET = 13.0;
				MTL_ENABLE_DEBUG_INFO = INCLUDE_SOURCE;
				MTL_FAST_MATH = YES;
				ONLY_ACTIVE_ARCH = YES;
				SDKROOT = iphoneos;
				SWIFT_ACTIVE_COMPILATION_CONDITIONS = DEBUG;
				SWIFT_OPTIMIZATION_LEVEL = "-Onone";
			};
			name = Debug;
		};
		80B77567290BC7C80070F6F4 /* Release */ = {
			isa = XCBuildConfiguration;
			buildSettings = {
				ALWAYS_SEARCH_USER_PATHS = NO;
				CLANG_ANALYZER_NONNULL = YES;
				CLANG_ANALYZER_NUMBER_OBJECT_CONVERSION = YES_AGGRESSIVE;
				CLANG_CXX_LANGUAGE_STANDARD = "gnu++20";
				CLANG_ENABLE_MODULES = YES;
				CLANG_ENABLE_OBJC_ARC = YES;
				CLANG_ENABLE_OBJC_WEAK = YES;
				CLANG_WARN_BLOCK_CAPTURE_AUTORELEASING = YES;
				CLANG_WARN_BOOL_CONVERSION = YES;
				CLANG_WARN_COMMA = YES;
				CLANG_WARN_CONSTANT_CONVERSION = YES;
				CLANG_WARN_DEPRECATED_OBJC_IMPLEMENTATIONS = YES;
				CLANG_WARN_DIRECT_OBJC_ISA_USAGE = YES_ERROR;
				CLANG_WARN_DOCUMENTATION_COMMENTS = YES;
				CLANG_WARN_EMPTY_BODY = YES;
				CLANG_WARN_ENUM_CONVERSION = YES;
				CLANG_WARN_INFINITE_RECURSION = YES;
				CLANG_WARN_INT_CONVERSION = YES;
				CLANG_WARN_NON_LITERAL_NULL_CONVERSION = YES;
				CLANG_WARN_OBJC_IMPLICIT_RETAIN_SELF = YES;
				CLANG_WARN_OBJC_LITERAL_CONVERSION = YES;
				CLANG_WARN_OBJC_ROOT_CLASS = YES_ERROR;
				CLANG_WARN_QUOTED_INCLUDE_IN_FRAMEWORK_HEADER = YES;
				CLANG_WARN_RANGE_LOOP_ANALYSIS = YES;
				CLANG_WARN_STRICT_PROTOTYPES = YES;
				CLANG_WARN_SUSPICIOUS_MOVE = YES;
				CLANG_WARN_UNGUARDED_AVAILABILITY = YES_AGGRESSIVE;
				CLANG_WARN_UNREACHABLE_CODE = YES;
				CLANG_WARN__DUPLICATE_METHOD_MATCH = YES;
				COPY_PHASE_STRIP = NO;
				DEBUG_INFORMATION_FORMAT = "dwarf-with-dsym";
				ENABLE_NS_ASSERTIONS = NO;
				ENABLE_STRICT_OBJC_MSGSEND = YES;
				GCC_C_LANGUAGE_STANDARD = gnu11;
				GCC_NO_COMMON_BLOCKS = YES;
				GCC_WARN_64_TO_32_BIT_CONVERSION = YES;
				GCC_WARN_ABOUT_RETURN_TYPE = YES_ERROR;
				GCC_WARN_UNDECLARED_SELECTOR = YES;
				GCC_WARN_UNINITIALIZED_AUTOS = YES_AGGRESSIVE;
				GCC_WARN_UNUSED_FUNCTION = YES;
				GCC_WARN_UNUSED_VARIABLE = YES;
				IPHONEOS_DEPLOYMENT_TARGET = 13.0;
				MTL_ENABLE_DEBUG_INFO = NO;
				MTL_FAST_MATH = YES;
				SDKROOT = iphoneos;
				SWIFT_COMPILATION_MODE = wholemodule;
				SWIFT_OPTIMIZATION_LEVEL = "-O";
				VALIDATE_PRODUCT = YES;
			};
			name = Release;
		};
		80B77569290BC7C80070F6F4 /* Debug */ = {
			isa = XCBuildConfiguration;
			buildSettings = {
				ASSETCATALOG_COMPILER_APPICON_NAME = AppIcon;
				ASSETCATALOG_COMPILER_GLOBAL_ACCENT_COLOR_NAME = AccentColor;
				CODE_SIGN_IDENTITY = "Apple Development";
				CODE_SIGN_STYLE = Automatic;
				CURRENT_PROJECT_VERSION = 1;
				DEVELOPMENT_TEAM = 4KKZAN8566;
				GENERATE_INFOPLIST_FILE = YES;
				INFOPLIST_FILE = "Habits tracker/Info.plist";
				INFOPLIST_KEY_UIApplicationSupportsIndirectInputEvents = YES;
				INFOPLIST_KEY_UILaunchStoryboardName = LaunchScreen;
				INFOPLIST_KEY_UIRequiresFullScreen = YES;
				INFOPLIST_KEY_UIStatusBarStyle = "";
				INFOPLIST_KEY_UISupportedInterfaceOrientations_iPad = "UIInterfaceOrientationPortrait UIInterfaceOrientationPortraitUpsideDown UIInterfaceOrientationLandscapeLeft UIInterfaceOrientationLandscapeRight";
				INFOPLIST_KEY_UISupportedInterfaceOrientations_iPhone = "UIInterfaceOrientationPortrait UIInterfaceOrientationLandscapeLeft UIInterfaceOrientationLandscapeRight";
				IPHONEOS_DEPLOYMENT_TARGET = 13.0;
				LD_RUNPATH_SEARCH_PATHS = (
					"$(inherited)",
					"@executable_path/Frameworks",
				);
				MARKETING_VERSION = 1.0;
				PRODUCT_BUNDLE_IDENTIFIER = "talanchukovich.Habits-tracker";
				PRODUCT_NAME = "$(TARGET_NAME)";
				PROVISIONING_PROFILE_SPECIFIER = "";
				SWIFT_EMIT_LOC_STRINGS = YES;
				SWIFT_VERSION = 5.0;
				TARGETED_DEVICE_FAMILY = "1,2";
			};
			name = Debug;
		};
		80B7756A290BC7C80070F6F4 /* Release */ = {
			isa = XCBuildConfiguration;
			buildSettings = {
				ASSETCATALOG_COMPILER_APPICON_NAME = AppIcon;
				ASSETCATALOG_COMPILER_GLOBAL_ACCENT_COLOR_NAME = AccentColor;
				CODE_SIGN_IDENTITY = "Apple Development";
				CODE_SIGN_STYLE = Automatic;
				CURRENT_PROJECT_VERSION = 1;
				DEVELOPMENT_TEAM = 4KKZAN8566;
				GENERATE_INFOPLIST_FILE = YES;
				INFOPLIST_FILE = "Habits tracker/Info.plist";
				INFOPLIST_KEY_UIApplicationSupportsIndirectInputEvents = YES;
				INFOPLIST_KEY_UILaunchStoryboardName = LaunchScreen;
				INFOPLIST_KEY_UIRequiresFullScreen = YES;
				INFOPLIST_KEY_UIStatusBarStyle = "";
				INFOPLIST_KEY_UISupportedInterfaceOrientations_iPad = "UIInterfaceOrientationPortrait UIInterfaceOrientationPortraitUpsideDown UIInterfaceOrientationLandscapeLeft UIInterfaceOrientationLandscapeRight";
				INFOPLIST_KEY_UISupportedInterfaceOrientations_iPhone = "UIInterfaceOrientationPortrait UIInterfaceOrientationLandscapeLeft UIInterfaceOrientationLandscapeRight";
				IPHONEOS_DEPLOYMENT_TARGET = 13.0;
				LD_RUNPATH_SEARCH_PATHS = (
					"$(inherited)",
					"@executable_path/Frameworks",
				);
				MARKETING_VERSION = 1.0;
				PRODUCT_BUNDLE_IDENTIFIER = "talanchukovich.Habits-tracker";
				PRODUCT_NAME = "$(TARGET_NAME)";
				PROVISIONING_PROFILE_SPECIFIER = "";
				SWIFT_EMIT_LOC_STRINGS = YES;
				SWIFT_VERSION = 5.0;
				TARGETED_DEVICE_FAMILY = "1,2";
			};
			name = Release;
		};
/* End XCBuildConfiguration section */

/* Begin XCConfigurationList section */
		80B7754F290BC7C00070F6F4 /* Build configuration list for PBXProject "Habits tracker" */ = {
			isa = XCConfigurationList;
			buildConfigurations = (
				80B77566290BC7C80070F6F4 /* Debug */,
				80B77567290BC7C80070F6F4 /* Release */,
			);
			defaultConfigurationIsVisible = 0;
			defaultConfigurationName = Release;
		};
		80B77568290BC7C80070F6F4 /* Build configuration list for PBXNativeTarget "Habits tracker" */ = {
			isa = XCConfigurationList;
			buildConfigurations = (
				80B77569290BC7C80070F6F4 /* Debug */,
				80B7756A290BC7C80070F6F4 /* Release */,
			);
			defaultConfigurationIsVisible = 0;
			defaultConfigurationName = Release;
		};
/* End XCConfigurationList section */
	};
	rootObject = 80B7754C290BC7C00070F6F4 /* Project object */;
}
